
Microsoft Visual Studio Solution File, Format Version 12.00
# Visual Studio Version 17
VisualStudioVersion = 17.13.35818.85
MinimumVisualStudioVersion = 10.0.40219.1
Project("{FAE04EC0-301F-11D3-BF4B-00C04F79EFBC}") = "HeatExchangeNotIncluded_StorageBin", "HeatExchangeNotIncluded_StorageBin\HeatExchangeNotIncluded_StorageBin.csproj", "{68BA4AF4-74DB-4566-A314-127E21F0F3C4}"
EndProject
Project("{FAE04EC0-301F-11D3-BF4B-00C04F79EFBC}") = "OptionMenu", "OptionMenu\OptionMenu.csproj", "{06DE4A3B-7C73-4174-AEE6-EA61E35D0205}"
EndProject
Global
	GlobalSection(SolutionConfigurationPlatforms) = preSolution
		Debug|Any CPU = Debug|Any CPU
		Release|Any CPU = Release|Any CPU
	EndGlobalSection
	GlobalSection(ProjectConfigurationPlatforms) = postSolution
		{68BA4AF4-74DB-4566-A314-127E21F0F3C4}.Debug|Any CPU.ActiveCfg = Debug|Any CPU
		{68BA4AF4-74DB-4566-A314-127E21F0F3C4}.Debug|Any CPU.Build.0 = Debug|Any CPU
		{68BA4AF4-74DB-4566-A314-127E21F0F3C4}.Release|Any CPU.ActiveCfg = Release|Any CPU
		{68BA4AF4-74DB-4566-A314-127E21F0F3C4}.Release|Any CPU.Build.0 = Release|Any CPU
		{06DE4A3B-7C73-4174-AEE6-EA61E35D0205}.Debug|Any CPU.ActiveCfg = Debug|Any CPU
		{06DE4A3B-7C73-4174-AEE6-EA61E35D0205}.Debug|Any CPU.Build.0 = Debug|Any CPU
		{06DE4A3B-7C73-4174-AEE6-EA61E35D0205}.Release|Any CPU.ActiveCfg = Release|Any CPU
		{06DE4A3B-7C73-4174-AEE6-EA61E35D0205}.Release|Any CPU.Build.0 = Release|Any CPU
	EndGlobalSection
	GlobalSection(SolutionProperties) = preSolution
		HideSolutionNode = FALSE
	EndGlobalSection
	GlobalSection(ExtensibilityGlobals) = postSolution
		SolutionGuid = {7B420308-6F45-44EE-AB6D-7C05254BBDB7}
	EndGlobalSection
EndGlobal
